proj_file_hash = "f487ce8dd02724c1e11d626c7164406e"

[[dependencies]]
name = "minilib-common"
version = "0.11.4"
path = ".fixlang/deps/minilib-common_0.11.4"

[dependencies.git]
repo = "https://github.com/pt9999/fixlang-minilib-common.git"
rev = "6f8f5600359c7819e68f8e673a4270938a431ac1"

[[dependencies]]
name = "character"
version = "1.0.1"
path = ".fixlang/deps/character_1.0.1"

[dependencies.git]
repo = "https://github.com/tttmmmyyyy/fixlang-character.git"
rev = "fd75a6634ec0c919f2d1703112d25da9a3c2346e"

[[dependencies]]
name = "time"
version = "1.0.2"
path = ".fixlang/deps/time_1.0.2"

[dependencies.git]
repo = "https://github.com/tttmmmyyyy/fixlang-time.git"
rev = "7af8a5c115e7437f94dcb4353807c03d816856f6"
